version = 1
revision = 3
requires-python = ">=3.9"

[[package]]
name = "asgiref"
version = "3.11.1"
source = { registry = "https://pypi.org/simple" }
dependencies = [
    { name = "typing-extensions", marker = "python_full_version < '3.11'" },
]
sdist = { url = "https://files.pythonhosted.org/packages/63/40/f03da1264ae8f7cfdbf9146542e5e7e8100a4c66ab48e791df9a03d3f6c0/asgiref-3.11.1.tar.gz", hash = "sha256:5f184dc43b7e763efe848065441eac62229c9f7b0475f41f80e207a114eda4ce", size = 38550, upload-time = "2026-02-03T13:30:14.33Z" }
wheels = [
    { url = "https://files.pythonhosted.org/packages/5c/0a/a72d10ed65068e115044937873362e6e32fab1b7dce0046aeb224682c989/asgiref-3.11.1-py3-none-any.whl", hash = "sha256:e8667a091e69529631969fd45dc268fa79b99c92c5fcdda727757e52146ec133", size = 24345, upload-time = "2026-02-03T13:30:13.039Z" },
]

[[package]]
name = "django"
version = "3.2"
source = { registry = "https://pypi.org/simple" }
dependencies = [
    { name = "asgiref" },
    { name = "pytz" },
    { name = "sqlparse" },
]
sdist = { url = "https://files.pythonhosted.org/packages/0e/4d/5137309d6c83bcbd2966c604fdc633e22ce6fef1292b44c38ae22b4ad90d/Django-3.2.tar.gz", hash = "sha256:21f0f9643722675976004eb683c55d33c05486f94506672df3d6a141546f389d", size = 9819119, upload-time = "2021-04-06T09:33:26.902Z" }
wheels = [
    { url = "https://files.pythonhosted.org/packages/a8/9b/fe94c509e514f6c227308e81076506eb9d67f2bfb8061ce5cdfbde0432e3/Django-3.2-py3-none-any.whl", hash = "sha256:0604e84c4fb698a5e53e5857b5aea945b2f19a18f25f10b8748dbdf935788927", size = 7881999, upload-time = "2021-04-06T09:33:15.157Z" },
]

[[package]]
name = "psycopg2-binary"
version = "2.9.1"
source = { registry = "https://pypi.org/simple" }
sdist = { url = "https://files.pythonhosted.org/packages/14/65/223a5b4146b1d5d5ab66f16ef194916a1ed9720da1f118d7bfb60b8f2bea/psycopg2-binary-2.9.1.tar.gz", hash = "sha256:b0221ca5a9837e040ebf61f48899926b5783668b7807419e4adae8175a31f773", size = 380033, upload-time = "2021-06-17T01:06:18.26Z" }
wheels = [
    { url = "https://files.pythonhosted.org/packages/82/6b/7ec7fc84fcd92157cf7cf477efde54e692c7f3c6bebc16568ce4d2e1de33/psycopg2_binary-2.9.1-cp310-cp310-macosx_10_14_x86_64.macosx_10_9_intel.macosx_10_9_x86_64.macosx_10_10_intel.macosx_10_10_x86_64.whl", hash = "sha256:24b0b6688b9f31a911f2361fe818492650795c9e5d3a1bc647acbd7440142a4f", size = 2191835, upload-time = "2021-10-11T21:35:27.35Z" },
    { url = "https://files.pythonhosted.org/packages/3e/dd/63649e627d9a75f808b1d8f3e81b3a45888a3765f2c2dcd44f4b4f487ddd/psycopg2_binary-2.9.1-cp310-cp310-manylinux_2_17_i686.manylinux2014_i686.whl", hash = "sha256:542875f62bc56e91c6eac05a0deadeae20e1730be4c6334d8f04c944fcd99759", size = 3332141, upload-time = "2021-10-11T21:35:35.736Z" },
    { url = "https://files.pythonhosted.org/packages/e9/5c/bc108371bb81fe8a54b72f42525772b3a9b3efd93a187fd1c1e8523738d8/psycopg2_binary-2.9.1-cp310-cp310-manylinux_2_17_x86_64.manylinux2014_x86_64.whl", hash = "sha256:661509f51531ec125e52357a489ea3806640d0ca37d9dada461ffc69ee1e7b6e", size = 3317425, upload-time = "2021-10-11T21:35:42.092Z" },
    { url = "https://files.pythonhosted.org/packages/a8/51/6ecc7ba87dea0349daff7a699b961a8f9295cccace610c90e10de0271093/psycopg2_binary-2.9.1-cp310-cp310-manylinux_2_24_aarch64.whl", hash = "sha256:d92272c7c16e105788efe2cfa5d680f07e34e0c29b03c1908f8636f55d5f915a", size = 3699988, upload-time = "2021-10-11T21:35:47.329Z" },
    { url = "https://files.pythonhosted.org/packages/c7/9c/c8b6b7b1b750bb29a0afe92821b80d168621aa81bf9f2e402096f63898a3/psycopg2_binary-2.9.1-cp310-cp310-manylinux_2_24_ppc64le.whl", hash = "sha256:736b8797b58febabb85494142c627bd182b50d2a7ec65322983e71065ad3034c", size = 3860231, upload-time = "2021-10-11T21:35:56.868Z" },
    { url = "https://files.pythonhosted.org/packages/3e/68/1b4da518ef5bfa98918b0c9b875c7235fe6b742f47d2e2d595a1a108e432/psycopg2_binary-2.9.1-cp310-cp310-win32.whl", hash = "sha256:ebccf1123e7ef66efc615a68295bf6fdba875a75d5bba10a05073202598085fc", size = 1025552, upload-time = "2021-11-03T13:12:10.282Z" },
    { url = "https://files.pythonhosted.org/packages/3b/23/a67ca388ed14e9e89383d0abcc15799fb0a92e2eefe85be59629f5e3b4e3/psycopg2_binary-2.9.1-cp310-cp310-win_amd64.whl", hash = "sha256:1f6ca4a9068f5c5c57e744b4baa79f40e83e3746875cac3c45467b16326bab45", size = 1167495, upload-time = "2021-11-03T13:12:13.83Z" },
    { url = "https://files.pythonhosted.org/packages/4b/7d/f48ab3ecd6488d1916906a7982673e558045ec5668c84adf051f4d70a2ed/psycopg2_binary-2.9.1-cp39-cp39-macosx_10_14_x86_64.macosx_10_9_intel.macosx_10_9_x86_64.macosx_10_10_intel.macosx_10_10_x86_64.whl", hash = "sha256:7360647ea04db2e7dff1648d1da825c8cf68dc5fbd80b8fb5b3ee9f068dcd21a", size = 2148260, upload-time = "2021-06-17T01:05:50.73Z" },
    { url = "https://files.pythonhosted.org/packages/36/bd/f3fce7fb912a82d28007c2f3ceffa625f01df9eeae2bd44f164bf511e840/psycopg2_binary-2.9.1-cp39-cp39-manylinux_2_17_i686.manylinux2014_i686.whl", hash = "sha256:ca86db5b561b894f9e5f115d6a159fff2a2570a652e07889d8a383b5fae66eb4", size = 3423089, upload-time = "2021-06-17T01:05:55.185Z" },
    { url = "https://files.pythonhosted.org/packages/cb/4a/4d7f03c9348423c532306d67b7b884f3da69b15270b2cd8ccdbd98890fe2/psycopg2_binary-2.9.1-cp39-cp39-manylinux_2_17_x86_64.manylinux2014_x86_64.whl", hash = "sha256:5ced67f1e34e1a450cdb48eb53ca73b60aa0af21c46b9b35ac3e581cf9f00e31", size = 3411675, upload-time = "2021-06-17T01:05:59.386Z" },
    { url = "https://files.pythonhosted.org/packages/5b/28/0b975c9c7f60fd98eef4ef143c963c266d9ef91436a043fe591b74f0afc8/psycopg2_binary-2.9.1-cp39-cp39-manylinux_2_24_aarch64.whl", hash = "sha256:0f2e04bd2a2ab54fa44ee67fe2d002bb90cee1c0f1cc0ebc3148af7b02034cbd", size = 3743849, upload-time = "2021-06-17T01:06:03.811Z" },
    { url = "https://files.pythonhosted.org/packages/00/66/2459c55234da72fca74e7c23001262b37a4087f1c2981dbb9960aac16b4b/psycopg2_binary-2.9.1-cp39-cp39-manylinux_2_24_ppc64le.whl", hash = "sha256:3242b9619de955ab44581a03a64bdd7d5e470cc4183e8fcadd85ab9d3756ce7a", size = 3913250, upload-time = "2021-06-17T01:06:08.398Z" },
    { url = "https://files.pythonhosted.org/packages/84/f9/cedd5d32987c1e10d177b27ee19d27f2db2b0b4da602afea500e8053e645/psycopg2_binary-2.9.1-cp39-cp39-win32.whl", hash = "sha256:0b7dae87f0b729922e06f85f667de7bf16455d411971b2043bbd9577af9d1975", size = 1024369, upload-time = "2021-06-17T01:06:11.659Z" },
    { url = "https://files.pythonhosted.org/packages/0c/28/1d2982ca7b93c048fbda188334bd2ec6688c65fbbabd60950f89671a0a47/psycopg2_binary-2.9.1-cp39-cp39-win_amd64.whl", hash = "sha256:b4d7679a08fea64573c969f6994a2631908bb2c0e69a7235648642f3d2e39a68", size = 1168442, upload-time = "2021-06-17T01:06:14.073Z" },
]

[[package]]
name = "pytz"
version = "2026.2"
source = { registry = "https://pypi.org/simple" }
sdist = { url = "https://files.pythonhosted.org/packages/ff/46/dd499ec9038423421951e4fad73051febaa13d2df82b4064f87af8b8c0c3/pytz-2026.2.tar.gz", hash = "sha256:0e60b47b29f21574376f218fe21abc009894a2321ea16c6754f3cad6eb7cdd6a", size = 320861, upload-time = "2026-05-04T01:35:29.667Z" }
wheels = [
    { url = "https://files.pythonhosted.org/packages/ec/dd/96da98f892250475bdf2328112d7468abdd4acc7b902b6af23f4ed958ea0/pytz-2026.2-py2.py3-none-any.whl", hash = "sha256:04156e608bee23d3792fd45c94ae47fae1036688e75032eea2e3bf0323d1f126", size = 510141, upload-time = "2026-05-04T01:35:27.408Z" },
]

[[package]]
name = "sqlparse"
version = "0.5.5"
source = { registry = "https://pypi.org/simple" }
sdist = { url = "https://files.pythonhosted.org/packages/90/76/437d71068094df0726366574cf3432a4ed754217b436eb7429415cf2d480/sqlparse-0.5.5.tar.gz", hash = "sha256:e20d4a9b0b8585fdf63b10d30066c7c94c5d7a7ec47c889a2d83a3caa93ff28e", size = 120815, upload-time = "2025-12-19T07:17:45.073Z" }
wheels = [
    { url = "https://files.pythonhosted.org/packages/49/4b/359f28a903c13438ef59ebeee215fb25da53066db67b305c125f1c6d2a25/sqlparse-0.5.5-py3-none-any.whl", hash = "sha256:12a08b3bf3eec877c519589833aed092e2444e68240a3577e8e26148acc7b1ba", size = 46138, upload-time = "2025-12-19T07:17:46.573Z" },
]

[[package]]
name = "typing-extensions"
version = "4.15.0"
source = { registry = "https://pypi.org/simple" }
sdist = { url = "https://files.pythonhosted.org/packages/72/94/1a15dd82efb362ac84269196e94cf00f187f7ed21c242792a923cdb1c61f/typing_extensions-4.15.0.tar.gz", hash = "sha256:0cea48d173cc12fa28ecabc3b837ea3cf6f38c6d1136f85cbaaf598984861466", size = 109391, upload-time = "2025-08-25T13:49:26.313Z" }
wheels = [
    { url = "https://files.pythonhosted.org/packages/18/67/36e9267722cc04a6b9f15c7f3441c2363321a3ea07da7ae0c0707beb2a9c/typing_extensions-4.15.0-py3-none-any.whl", hash = "sha256:f0fa19c6845758ab08074a0cfa8b7aecb71c999ca73d62883bc25cc018c4e548", size = 44614, upload-time = "2025-08-25T13:49:24.86Z" },
]

[[package]]
name = "workspace"
version = "0.1.0"
source = { virtual = "." }
dependencies = [
    { name = "django" },
    { name = "psycopg2-binary" },
]

[package.metadata]
requires-dist = [
    { name = "django", specifier = "==3.2.0" },
    { name = "psycopg2-binary", specifier = "==2.9.1" },
]
